
Microsoft Visual Studio Solution File, Format Version 12.00
# Visual Studio Version 17
VisualStudioVersion = 17.6.33723.286
MinimumVisualStudioVersion = 10.0.40219.1
Project("{FAE04EC0-301F-11D3-BF4B-00C04F79EFBC}") = "DepoKontrolForm", "DepoKontrolForm\DepoKontrolForm.csproj", "{50D721E8-1480-42EE-977F-1BFD4D822BE8}"
EndProject
Global
	GlobalSection(SolutionConfigurationPlatforms) = preSolution
		Debug|Any CPU = Debug|Any CPU
		Release|Any CPU = Release|Any CPU
	EndGlobalSection
	GlobalSection(ProjectConfigurationPlatforms) = postSolution
		{50D721E8-1480-42EE-977F-1BFD4D822BE8}.Debug|Any CPU.ActiveCfg = Debug|Any CPU
		{50D721E8-1480-42EE-977F-1BFD4D822BE8}.Debug|Any CPU.Build.0 = Debug|Any CPU
		{50D721E8-1480-42EE-977F-1BFD4D822BE8}.Release|Any CPU.ActiveCfg = Release|Any CPU
		{50D721E8-1480-42EE-977F-1BFD4D822BE8}.Release|Any CPU.Build.0 = Release|Any CPU
	EndGlobalSection
	GlobalSection(SolutionProperties) = preSolution
		HideSolutionNode = FALSE
	EndGlobalSection
	GlobalSection(ExtensibilityGlobals) = postSolution
		SolutionGuid = {FE4776CB-9C7B-405C-BD83-AC838DE4F8C9}
	EndGlobalSection
EndGlobal
